{
    "requires": true,
    "lockfileVersion": 1,
    "dependencies": {
        "typescript": {
            "version": "4.0.5",
            "resolved": "http://registry.npm.release.ctripcorp.com/typescript/download/typescript-4.0.5.tgz",
            "integrity": "sha1-rp3d/RBp8ctb6z7zshcN18EzI4k=",
            "dev": true
        }
    }
}
