{
    "requires": true,
    "lockfileVersion": 1,
    "dependencies": {
        "ast-types": {
            "version": "0.14.2",
            "resolved": "http://registry.npm.release.ctripcorp.com/ast-types/download/ast-types-0.14.2.tgz",
            "integrity": "sha1-YAuILfhYPjzU8t9fog+oN1nUvf0=",
            "dev": true,
            "requires": {
                "tslib": "^2.0.1"
            }
        },
        "esprima": {
            "version": "4.0.1",
            "resolved": "http://registry.npm.release.ctripcorp.com/esprima/download/esprima-4.0.1.tgz",
            "integrity": "sha1-E7BM2z5sXRnfkatph6hpVhmwqnE=",
            "dev": true
        },
        "recast": {
            "version": "0.20.4",
            "resolved": "http://registry.npm.release.ctripcorp.com/recast/download/recast-0.20.4.tgz",
            "integrity": "sha1-21WYPqxwxGs//5bI5GfWX/tKerw=",
            "dev": true,
            "requires": {
                "ast-types": "0.14.2",
                "esprima": "~4.0.0",
                "source-map": "~0.6.1",
                "tslib": "^2.0.1"
            }
        },
        "source-map": {
            "version": "0.6.1",
            "resolved": "http://registry.npm.release.ctripcorp.com/source-map/download/source-map-0.6.1.tgz",
            "integrity": "sha1-dHIq8y6WFOnCh6jQu95IteLxomM=",
            "dev": true
        },
        "tslib": {
            "version": "2.0.3",
            "resolved": "http://registry.npm.release.ctripcorp.com/tslib/download/tslib-2.0.3.tgz",
            "integrity": "sha1-jgdBrEX8DCJuWKF7/D5kubxsphw=",
            "dev": true
        }
    }
}
